
Microsoft Visual Studio Solution File, Format Version 12.00
# Visual Studio 15
VisualStudioVersion = 15.0.28307.757
MinimumVisualStudioVersion = 10.0.40219.1
Project("{FAE04EC0-301F-11D3-BF4B-00C04F79EFBC}") = "CadastroClientes.API", "CadastroClientes.API\CadastroClientes.API.csproj", "{F22B8247-317B-41B9-AA8A-D4979EFAFC78}"
EndProject
Project("{FAE04EC0-301F-11D3-BF4B-00C04F79EFBC}") = "CadastroClientes.Domain", "CadastroClientes.Domain\CadastroClientes.Domain.csproj", "{F9B34E8E-3EE7-4246-83D5-D1C1045A8217}"
EndProject
Project("{FAE04EC0-301F-11D3-BF4B-00C04F79EFBC}") = "CadastroClientes.Data", "CadastroClientes.Data\CadastroClientes.Data.csproj", "{C7F85434-34EF-4DAC-A38A-4270D5B8F19B}"
EndProject
Project("{FAE04EC0-301F-11D3-BF4B-00C04F79EFBC}") = "CadastroClientes.Service", "CadastroClientes.Service\CadastroClientes.Service.csproj", "{10BD7E42-246E-461C-8678-B96C8A9E2ABE}"
EndProject
Project("{FAE04EC0-301F-11D3-BF4B-00C04F79EFBC}") = "CadastroClientes.Util", "CadastroClientes.Util\CadastroClientes.Util.csproj", "{66AB1C42-0818-4DAE-9E72-0A99530512F1}"
EndProject
Project("{FAE04EC0-301F-11D3-BF4B-00C04F79EFBC}") = "CadastroClientes.Test", "CadastroClientes.Test\CadastroClientes.Test.csproj", "{96D20624-B1C1-40EE-93AD-0F4CA178266F}"
EndProject
Global
	GlobalSection(SolutionConfigurationPlatforms) = preSolution
		Debug|Any CPU = Debug|Any CPU
		Release|Any CPU = Release|Any CPU
	EndGlobalSection
	GlobalSection(ProjectConfigurationPlatforms) = postSolution
		{F22B8247-317B-41B9-AA8A-D4979EFAFC78}.Debug|Any CPU.ActiveCfg = Debug|Any CPU
		{F22B8247-317B-41B9-AA8A-D4979EFAFC78}.Debug|Any CPU.Build.0 = Debug|Any CPU
		{F22B8247-317B-41B9-AA8A-D4979EFAFC78}.Release|Any CPU.ActiveCfg = Release|Any CPU
		{F22B8247-317B-41B9-AA8A-D4979EFAFC78}.Release|Any CPU.Build.0 = Release|Any CPU
		{F9B34E8E-3EE7-4246-83D5-D1C1045A8217}.Debug|Any CPU.ActiveCfg = Debug|Any CPU
		{F9B34E8E-3EE7-4246-83D5-D1C1045A8217}.Debug|Any CPU.Build.0 = Debug|Any CPU
		{F9B34E8E-3EE7-4246-83D5-D1C1045A8217}.Release|Any CPU.ActiveCfg = Release|Any CPU
		{F9B34E8E-3EE7-4246-83D5-D1C1045A8217}.Release|Any CPU.Build.0 = Release|Any CPU
		{C7F85434-34EF-4DAC-A38A-4270D5B8F19B}.Debug|Any CPU.ActiveCfg = Debug|Any CPU
		{C7F85434-34EF-4DAC-A38A-4270D5B8F19B}.Debug|Any CPU.Build.0 = Debug|Any CPU
		{C7F85434-34EF-4DAC-A38A-4270D5B8F19B}.Release|Any CPU.ActiveCfg = Release|Any CPU
		{C7F85434-34EF-4DAC-A38A-4270D5B8F19B}.Release|Any CPU.Build.0 = Release|Any CPU
		{10BD7E42-246E-461C-8678-B96C8A9E2ABE}.Debug|Any CPU.ActiveCfg = Debug|Any CPU
		{10BD7E42-246E-461C-8678-B96C8A9E2ABE}.Debug|Any CPU.Build.0 = Debug|Any CPU
		{10BD7E42-246E-461C-8678-B96C8A9E2ABE}.Release|Any CPU.ActiveCfg = Release|Any CPU
		{10BD7E42-246E-461C-8678-B96C8A9E2ABE}.Release|Any CPU.Build.0 = Release|Any CPU
		{66AB1C42-0818-4DAE-9E72-0A99530512F1}.Debug|Any CPU.ActiveCfg = Debug|Any CPU
		{66AB1C42-0818-4DAE-9E72-0A99530512F1}.Debug|Any CPU.Build.0 = Debug|Any CPU
		{66AB1C42-0818-4DAE-9E72-0A99530512F1}.Release|Any CPU.ActiveCfg = Release|Any CPU
		{66AB1C42-0818-4DAE-9E72-0A99530512F1}.Release|Any CPU.Build.0 = Release|Any CPU
		{96D20624-B1C1-40EE-93AD-0F4CA178266F}.Debug|Any CPU.ActiveCfg = Debug|Any CPU
		{96D20624-B1C1-40EE-93AD-0F4CA178266F}.Debug|Any CPU.Build.0 = Debug|Any CPU
		{96D20624-B1C1-40EE-93AD-0F4CA178266F}.Release|Any CPU.ActiveCfg = Release|Any CPU
		{96D20624-B1C1-40EE-93AD-0F4CA178266F}.Release|Any CPU.Build.0 = Release|Any CPU
	EndGlobalSection
	GlobalSection(SolutionProperties) = preSolution
		HideSolutionNode = FALSE
	EndGlobalSection
	GlobalSection(ExtensibilityGlobals) = postSolution
		SolutionGuid = {00429B5B-4897-4FC0-8BA2-9EBEBDC5F6B6}
	EndGlobalSection
EndGlobal
